// !$*UTF8*$!
{
	archiveVersion = 1;
	classes = {
	};
	objectVersion = 50;
	objects = {

/* Begin PBXBuildFile section */
		52439F4425118AA800A3B32E /* AppDelegate.swift in Sources */ = {isa = PBXBuildFile; fileRef = 52439F4325118AA800A3B32E /* AppDelegate.swift */; };
		52439F4625118AA800A3B32E /* SceneDelegate.swift in Sources */ = {isa = PBXBuildFile; fileRef = 52439F4525118AA800A3B32E /* SceneDelegate.swift */; };
		52439F4825118AA800A3B32E /* ViewController.swift in Sources */ = {isa = PBXBuildFile; fileRef = 52439F4725118AA800A3B32E /* ViewController.swift */; };
		52439F4B25118AA800A3B32E /* Main.storyboard in Resources */ = {isa = PBXBuildFile; fileRef = 52439F4925118AA800A3B32E /* Main.storyboard */; };
		52439F4D25118AAB00A3B32E /* Assets.xcassets in Resources */ = {isa = PBXBuildFile; fileRef = 52439F4C25118AAB00A3B32E /* Assets.xcassets */; };
		52439F5025118AAB00A3B32E /* LaunchScreen.storyboard in Resources */ = {isa = PBXBuildFile; fileRef = 52439F4E25118AAB00A3B32E /* LaunchScreen.storyboard */; };
		52439F5B25118AAB00A3B32E /* finalTests.swift in Sources */ = {isa = PBXBuildFile; fileRef = 52439F5A25118AAB00A3B32E /* finalTests.swift */; };
		52439F6625118AAB00A3B32E /* finalUITests.swift in Sources */ = {isa = PBXBuildFile; fileRef = 52439F6525118AAB00A3B32E /* finalUITests.swift */; };
/* End PBXBuildFile section */

/* Begin PBXContainerItemProxy section */
		52439F5725118AAB00A3B32E /* PBXContainerItemProxy */ = {
			isa = PBXContainerItemProxy;
			containerPortal = 52439F3825118AA800A3B32E /* Project object */;
			proxyType = 1;
			remoteGlobalIDString = 52439F3F25118AA800A3B32E;
			remoteInfo = final;
		};
		52439F6225118AAB00A3B32E /* PBXContainerItemProxy */ = {
			isa = PBXContainerItemProxy;
			containerPortal = 52439F3825118AA800A3B32E /* Project object */;
			proxyType = 1;
			remoteGlobalIDString = 52439F3F25118AA800A3B32E;
			remoteInfo = final;
		};
/* End PBXContainerItemProxy section */

/* Begin PBXFileReference section */
		52439F4025118AA800A3B32E /* final.app */ = {isa = PBXFileReference; explicitFileType = wrapper.application; includeInIndex = 0; path = final.app; sourceTree = BUILT_PRODUCTS_DIR; };
		52439F4325118AA800A3B32E /* AppDelegate.swift */ = {isa = PBXFileReference; lastKnownFileType = sourcecode.swift; path = AppDelegate.swift; sourceTree = "<group>"; };
		52439F4525118AA800A3B32E /* SceneDelegate.swift */ = {isa = PBXFileReference; lastKnownFileType = sourcecode.swift; path = SceneDelegate.swift; sourceTree = "<group>"; };
		52439F4725118AA800A3B32E /* ViewController.swift */ = {isa = PBXFileReference; lastKnownFileType = sourcecode.swift; path = ViewController.swift; sourceTree = "<group>"; };
		52439F4A25118AA800A3B32E /* Base */ = {isa = PBXFileReference; lastKnownFileType = file.storyboard; name = Base; path = Base.lproj/Main.storyboard; sourceTree = "<group>"; };
		52439F4C25118AAB00A3B32E /* Assets.xcassets */ = {isa = PBXFileReference; lastKnownFileType = folder.assetcatalog; path = Assets.xcassets; sourceTree = "<group>"; };
		52439F4F25118AAB00A3B32E /* Base */ = {isa = PBXFileReference; lastKnownFileType = file.storyboard; name = Base; path = Base.lproj/LaunchScreen.storyboard; sourceTree = "<group>"; };
		52439F5125118AAB00A3B32E /* Info.plist */ = {isa = PBXFileReference; lastKnownFileType = text.plist.xml; path = Info.plist; sourceTree = "<group>"; };
		52439F5625118AAB00A3B32E /* finalTests.xctest */ = {isa = PBXFileReference; explicitFileType = wrapper.cfbundle; includeInIndex = 0; path = finalTests.xctest; sourceTree = BUILT_PRODUCTS_DIR; };
		52439F5A25118AAB00A3B32E /* finalTests.swift */ = {isa = PBXFileReference; lastKnownFileType = sourcecode.swift; path = finalTests.swift; sourceTree = "<group>"; };
		52439F5C25118AAB00A3B32E /* Info.plist */ = {isa = PBXFileReference; lastKnownFileType = text.plist.xml; path = Info.plist; sourceTree = "<group>"; };
		52439F6125118AAB00A3B32E /* finalUITests.xctest */ = {isa = PBXFileReference; explicitFileType = wrapper.cfbundle; includeInIndex = 0; path = finalUITests.xctest; sourceTree = BUILT_PRODUCTS_DIR; };
		52439F6525118AAB00A3B32E /* finalUITests.swift */ = {isa = PBXFileReference; lastKnownFileType = sourcecode.swift; path = finalUITests.swift; sourceTree = "<group>"; };
		52439F6725118AAB00A3B32E /* Info.plist */ = {isa = PBXFileReference; lastKnownFileType = text.plist.xml; path = Info.plist; sourceTree = "<group>"; };
/* End PBXFileReference section */

/* Begin PBXFrameworksBuildPhase section */
		52439F3D25118AA800A3B32E /* Frameworks */ = {
			isa = PBXFrameworksBuildPhase;
			buildActionMask = 2147483647;
			files = (
			);
			runOnlyForDeploymentPostprocessing = 0;
		};
		52439F5325118AAB00A3B32E /* Frameworks */ = {
			isa = PBXFrameworksBuildPhase;
			buildActionMask = 2147483647;
			files = (
			);
			runOnlyForDeploymentPostprocessing = 0;
		};
		52439F5E25118AAB00A3B32E /* Frameworks */ = {
			isa = PBXFrameworksBuildPhase;
			buildActionMask = 2147483647;
			files = (
			);
			runOnlyForDeploymentPostprocessing = 0;
		};
/* End PBXFrameworksBuildPhase section */

/* Begin PBXGroup section */
		52439F3725118AA800A3B32E = {
			isa = PBXGroup;
			children = (
				52439F4225118AA800A3B32E /* final */,
				52439F5925118AAB00A3B32E /* finalTests */,
				52439F6425118AAB00A3B32E /* finalUITests */,
				52439F4125118AA800A3B32E /* Products */,
			);
			sourceTree = "<group>";
		};
		52439F4125118AA800A3B32E /* Products */ = {
			isa = PBXGroup;
			children = (
				52439F4025118AA800A3B32E /* final.app */,
				52439F5625118AAB00A3B32E /* finalTests.xctest */,
				52439F6125118AAB00A3B32E /* finalUITests.xctest */,
			);
			name = Products;
			sourceTree = "<group>";
		};
		52439F4225118AA800A3B32E /* final */ = {
			isa = PBXGroup;
			children = (
				52439F4325118AA800A3B32E /* AppDelegate.swift */,
				52439F4525118AA800A3B32E /* SceneDelegate.swift */,
				52439F4725118AA800A3B32E /* ViewController.swift */,
				52439F4925118AA800A3B32E /* Main.storyboard */,
				52439F4C25118AAB00A3B32E /* Assets.xcassets */,
				52439F4E25118AAB00A3B32E /* LaunchScreen.storyboard */,
				52439F5125118AAB00A3B32E /* Info.plist */,
			);
			path = final;
			sourceTree = "<group>";
		};
		52439F5925118AAB00A3B32E /* finalTests */ = {
			isa = PBXGroup;
			children = (
				52439F5A25118AAB00A3B32E /* finalTests.swift */,
				52439F5C25118AAB00A3B32E /* Info.plist */,
			);
			path = finalTests;
			sourceTree = "<group>";
		};
		52439F6425118AAB00A3B32E /* finalUITests */ = {
			isa = PBXGroup;
			children = (
				52439F6525118AAB00A3B32E /* finalUITests.swift */,
				52439F6725118AAB00A3B32E /* Info.plist */,
			);
			path = finalUITests;
			sourceTree = "<group>";
		};
/* End PBXGroup section */

/* Begin PBXNativeTarget section */
		52439F3F25118AA800A3B32E /* final */ = {
			isa = PBXNativeTarget;
			buildConfigurationList = 52439F6A25118AAB00A3B32E /* Build configuration list for PBXNativeTarget "final" */;
			buildPhases = (
				52439F3C25118AA800A3B32E /* Sources */,
				52439F3D25118AA800A3B32E /* Frameworks */,
				52439F3E25118AA800A3B32E /* Resources */,
			);
			buildRules = (
			);
			dependencies = (
			);
			name = final;
			productName = final;
			productReference = 52439F4025118AA800A3B32E /* final.app */;
			productType = "com.apple.product-type.application";
		};
		52439F5525118AAB00A3B32E /* finalTests */ = {
			isa = PBXNativeTarget;
			buildConfigurationList = 52439F6D25118AAB00A3B32E /* Build configuration list for PBXNativeTarget "finalTests" */;
			buildPhases = (
				52439F5225118AAB00A3B32E /* Sources */,
				52439F5325118AAB00A3B32E /* Frameworks */,
				52439F5425118AAB00A3B32E /* Resources */,
			);
			buildRules = (
			);
			dependencies = (
				52439F5825118AAB00A3B32E /* PBXTargetDependency */,
			);
			name = finalTests;
			productName = finalTests;
			productReference = 52439F5625118AAB00A3B32E /* finalTests.xctest */;
			productType = "com.apple.product-type.bundle.unit-test";
		};
		52439F6025118AAB00A3B32E /* finalUITests */ = {
			isa = PBXNativeTarget;
			buildConfigurationList = 52439F7025118AAB00A3B32E /* Build configuration list for PBXNativeTarget "finalUITests" */;
			buildPhases = (
				52439F5D25118AAB00A3B32E /* Sources */,
				52439F5E25118AAB00A3B32E /* Frameworks */,
				52439F5F25118AAB00A3B32E /* Resources */,
			);
			buildRules = (
			);
			dependencies = (
				52439F6325118AAB00A3B32E /* PBXTargetDependency */,
			);
			name = finalUITests;
			productName = finalUITests;
			productReference = 52439F6125118AAB00A3B32E /* finalUITests.xctest */;
			productType = "com.apple.product-type.bundle.ui-testing";
		};
/* End PBXNativeTarget section */

/* Begin PBXProject section */
		52439F3825118AA800A3B32E /* Project object */ = {
			isa = PBXProject;
			attributes = {
				LastSwiftUpdateCheck = 1170;
				LastUpgradeCheck = 1170;
				ORGANIZATIONNAME = codepath;
				TargetAttributes = {
					52439F3F25118AA800A3B32E = {
						CreatedOnToolsVersion = 11.7;
					};
					52439F5525118AAB00A3B32E = {
						CreatedOnToolsVersion = 11.7;
						TestTargetID = 52439F3F25118AA800A3B32E;
					};
					52439F6025118AAB00A3B32E = {
						CreatedOnToolsVersion = 11.7;
						TestTargetID = 52439F3F25118AA800A3B32E;
					};
				};
			};
			buildConfigurationList = 52439F3B25118AA800A3B32E /* Build configuration list for PBXProject "final" */;
			compatibilityVersion = "Xcode 9.3";
			developmentRegion = en;
			hasScannedForEncodings = 0;
			knownRegions = (
				en,
				Base,
			);
			mainGroup = 52439F3725118AA800A3B32E;
			productRefGroup = 52439F4125118AA800A3B32E /* Products */;
			projectDirPath = "";
			projectRoot = "";
			targets = (
				52439F3F25118AA800A3B32E /* final */,
				52439F5525118AAB00A3B32E /* finalTests */,
				52439F6025118AAB00A3B32E /* finalUITests */,
			);
		};
/* End PBXProject section */

/* Begin PBXResourcesBuildPhase section */
		52439F3E25118AA800A3B32E /* Resources */ = {
			isa = PBXResourcesBuildPhase;
			buildActionMask = 2147483647;
			files = (
				52439F5025118AAB00A3B32E /* LaunchScreen.storyboard in Resources */,
				52439F4D25118AAB00A3B32E /* Assets.xcassets in Resources */,
				52439F4B25118AA800A3B32E /* Main.storyboard in Resources */,
			);
			runOnlyForDeploymentPostprocessing = 0;
		};
		52439F5425118AAB00A3B32E /* Resources */ = {
			isa = PBXResourcesBuildPhase;
			buildActionMask = 2147483647;
			files = (
			);
			runOnlyForDeploymentPostprocessing = 0;
		};
		52439F5F25118AAB00A3B32E /* Resources */ = {
			isa = PBXResourcesBuildPhase;
			buildActionMask = 2147483647;
			files = (
			);
			runOnlyForDeploymentPostprocessing = 0;
		};
/* End PBXResourcesBuildPhase section */

/* Begin PBXSourcesBuildPhase section */
		52439F3C25118AA800A3B32E /* Sources */ = {
			isa = PBXSourcesBuildPhase;
			buildActionMask = 2147483647;
			files = (
				52439F4825118AA800A3B32E /* ViewController.swift in Sources */,
				52439F4425118AA800A3B32E /* AppDelegate.swift in Sources */,
				52439F4625118AA800A3B32E /* SceneDelegate.swift in Sources */,
			);
			runOnlyForDeploymentPostprocessing = 0;
		};
		52439F5225118AAB00A3B32E /* Sources */ = {
			isa = PBXSourcesBuildPhase;
			buildActionMask = 2147483647;
			files = (
				52439F5B25118AAB00A3B32E /* finalTests.swift in Sources */,
			);
			runOnlyForDeploymentPostprocessing = 0;
		};
		52439F5D25118AAB00A3B32E /* Sources */ = {
			isa = PBXSourcesBuildPhase;
			buildActionMask = 2147483647;
			files = (
				52439F6625118AAB00A3B32E /* finalUITests.swift in Sources */,
			);
			runOnlyForDeploymentPostprocessing = 0;
		};
/* End PBXSourcesBuildPhase section */

/* Begin PBXTargetDependency section */
		52439F5825118AAB00A3B32E /* PBXTargetDependency */ = {
			isa = PBXTargetDependency;
			target = 52439F3F25118AA800A3B32E /* final */;
			targetProxy = 52439F5725118AAB00A3B32E /* PBXContainerItemProxy */;
		};
		52439F6325118AAB00A3B32E /* PBXTargetDependency */ = {
			isa = PBXTargetDependency;
			target = 52439F3F25118AA800A3B32E /* final */;
			targetProxy = 52439F6225118AAB00A3B32E /* PBXContainerItemProxy */;
		};
/* End PBXTargetDependency section */

/* Begin PBXVariantGroup section */
		52439F4925118AA800A3B32E /* Main.storyboard */ = {
			isa = PBXVariantGroup;
			children = (
				52439F4A25118AA800A3B32E /* Base */,
			);
			name = Main.storyboard;
			sourceTree = "<group>";
		};
		52439F4E25118AAB00A3B32E /* LaunchScreen.storyboard */ = {
			isa = PBXVariantGroup;
			children = (
				52439F4F25118AAB00A3B32E /* Base */,
			);
			name = LaunchScreen.storyboard;
			sourceTree = "<group>";
		};
/* End PBXVariantGroup section */

/* Begin XCBuildConfiguration section */
		52439F6825118AAB00A3B32E /* Debug */ = {
			isa = XCBuildConfiguration;
			buildSettings = {
				ALWAYS_SEARCH_USER_PATHS = NO;
				CLANG_ANALYZER_NONNULL = YES;
				CLANG_ANALYZER_NUMBER_OBJECT_CONVERSION = YES_AGGRESSIVE;
				CLANG_CXX_LANGUAGE_STANDARD = "gnu++14";
				CLANG_CXX_LIBRARY = "libc++";
				CLANG_ENABLE_MODULES = YES;
				CLANG_ENABLE_OBJC_ARC = YES;
				CLANG_ENABLE_OBJC_WEAK = YES;
				CLANG_WARN_BLOCK_CAPTURE_AUTORELEASING = YES;
				CLANG_WARN_BOOL_CONVERSION = YES;
				CLANG_WARN_COMMA = YES;
				CLANG_WARN_CONSTANT_CONVERSION = YES;
				CLANG_WARN_DEPRECATED_OBJC_IMPLEMENTATIONS = YES;
				CLANG_WARN_DIRECT_OBJC_ISA_USAGE = YES_ERROR;
				CLANG_WARN_DOCUMENTATION_COMMENTS = YES;
				CLANG_WARN_EMPTY_BODY = YES;
				CLANG_WARN_ENUM_CONVERSION = YES;
				CLANG_WARN_INFINITE_RECURSION = YES;
				CLANG_WARN_INT_CONVERSION = YES;
				CLANG_WARN_NON_LITERAL_NULL_CONVERSION = YES;
				CLANG_WARN_OBJC_IMPLICIT_RETAIN_SELF = YES;
				CLANG_WARN_OBJC_LITERAL_CONVERSION = YES;
				CLANG_WARN_OBJC_ROOT_CLASS = YES_ERROR;
				CLANG_WARN_RANGE_LOOP_ANALYSIS = YES;
				CLANG_WARN_STRICT_PROTOTYPES = YES;
				CLANG_WARN_SUSPICIOUS_MOVE = YES;
				CLANG_WARN_UNGUARDED_AVAILABILITY = YES_AGGRESSIVE;
				CLANG_WARN_UNREACHABLE_CODE = YES;
				CLANG_WARN__DUPLICATE_METHOD_MATCH = YES;
				COPY_PHASE_STRIP = NO;
				DEBUG_INFORMATION_FORMAT = dwarf;
				ENABLE_STRICT_OBJC_MSGSEND = YES;
				ENABLE_TESTABILITY = YES;
				GCC_C_LANGUAGE_STANDARD = gnu11;
				GCC_DYNAMIC_NO_PIC = NO;
				GCC_NO_COMMON_BLOCKS = YES;
				GCC_OPTIMIZATION_LEVEL = 0;
				GCC_PREPROCESSOR_DEFINITIONS = (
					"DEBUG=1",
					"$(inherited)",
				);
				GCC_WARN_64_TO_32_BIT_CONVERSION = YES;
				GCC_WARN_ABOUT_RETURN_TYPE = YES_ERROR;
				GCC_WARN_UNDECLARED_SELECTOR = YES;
				GCC_WARN_UNINITIALIZED_AUTOS = YES_AGGRESSIVE;
				GCC_WARN_UNUSED_FUNCTION = YES;
				GCC_WARN_UNUSED_VARIABLE = YES;
				IPHONEOS_DEPLOYMENT_TARGET = 13.7;
				MTL_ENABLE_DEBUG_INFO = INCLUDE_SOURCE;
				MTL_FAST_MATH = YES;
				ONLY_ACTIVE_ARCH = YES;
				SDKROOT = iphoneos;
				SWIFT_ACTIVE_COMPILATION_CONDITIONS = DEBUG;
				SWIFT_OPTIMIZATION_LEVEL = "-Onone";
			};
			name = Debug;
		};
		52439F6925118AAB00A3B32E /* Release */ = {
			isa = XCBuildConfiguration;
			buildSettings = {
				ALWAYS_SEARCH_USER_PATHS = NO;
				CLANG_ANALYZER_NONNULL = YES;
				CLANG_ANALYZER_NUMBER_OBJECT_CONVERSION = YES_AGGRESSIVE;
				CLANG_CXX_LANGUAGE_STANDARD = "gnu++14";
				CLANG_CXX_LIBRARY = "libc++";
				CLANG_ENABLE_MODULES = YES;
				CLANG_ENABLE_OBJC_ARC = YES;
				CLANG_ENABLE_OBJC_WEAK = YES;
				CLANG_WARN_BLOCK_CAPTURE_AUTORELEASING = YES;
				CLANG_WARN_BOOL_CONVERSION = YES;
				CLANG_WARN_COMMA = YES;
				CLANG_WARN_CONSTANT_CONVERSION = YES;
				CLANG_WARN_DEPRECATED_OBJC_IMPLEMENTATIONS = YES;
				CLANG_WARN_DIRECT_OBJC_ISA_USAGE = YES_ERROR;
				CLANG_WARN_DOCUMENTATION_COMMENTS = YES;
				CLANG_WARN_EMPTY_BODY = YES;
				CLANG_WARN_ENUM_CONVERSION = YES;
				CLANG_WARN_INFINITE_RECURSION = YES;
				CLANG_WARN_INT_CONVERSION = YES;
				CLANG_WARN_NON_LITERAL_NULL_CONVERSION = YES;
				CLANG_WARN_OBJC_IMPLICIT_RETAIN_SELF = YES;
				CLANG_WARN_OBJC_LITERAL_CONVERSION = YES;
				CLANG_WARN_OBJC_ROOT_CLASS = YES_ERROR;
				CLANG_WARN_RANGE_LOOP_ANALYSIS = YES;
				CLANG_WARN_STRICT_PROTOTYPES = YES;
				CLANG_WARN_SUSPICIOUS_MOVE = YES;
				CLANG_WARN_UNGUARDED_AVAILABILITY = YES_AGGRESSIVE;
				CLANG_WARN_UNREACHABLE_CODE = YES;
				CLANG_WARN__DUPLICATE_METHOD_MATCH = YES;
				COPY_PHASE_STRIP = NO;
				DEBUG_INFORMATION_FORMAT = "dwarf-with-dsym";
				ENABLE_NS_ASSERTIONS = NO;
				ENABLE_STRICT_OBJC_MSGSEND = YES;
				GCC_C_LANGUAGE_STANDARD = gnu11;
				GCC_NO_COMMON_BLOCKS = YES;
				GCC_WARN_64_TO_32_BIT_CONVERSION = YES;
				GCC_WARN_ABOUT_RETURN_TYPE = YES_ERROR;
				GCC_WARN_UNDECLARED_SELECTOR = YES;
				GCC_WARN_UNINITIALIZED_AUTOS = YES_AGGRESSIVE;
				GCC_WARN_UNUSED_FUNCTION = YES;
				GCC_WARN_UNUSED_VARIABLE = YES;
				IPHONEOS_DEPLOYMENT_TARGET = 13.7;
				MTL_ENABLE_DEBUG_INFO = NO;
				MTL_FAST_MATH = YES;
				SDKROOT = iphoneos;
				SWIFT_COMPILATION_MODE = wholemodule;
				SWIFT_OPTIMIZATION_LEVEL = "-O";
				VALIDATE_PRODUCT = YES;
			};
			name = Release;
		};
		52439F6B25118AAB00A3B32E /* Debug */ = {
			isa = XCBuildConfiguration;
			buildSettings = {
				ASSETCATALOG_COMPILER_APPICON_NAME = AppIcon;
				CODE_SIGN_STYLE = Automatic;
				INFOPLIST_FILE = final/Info.plist;
				LD_RUNPATH_SEARCH_PATHS = (
					"$(inherited)",
					"@executable_path/Frameworks",
				);
				PRODUCT_BUNDLE_IDENTIFIER = codepath.final;
				PRODUCT_NAME = "$(TARGET_NAME)";
				SWIFT_VERSION = 5.0;
				TARGETED_DEVICE_FAMILY = "1,2";
			};
			name = Debug;
		};
		52439F6C25118AAB00A3B32E /* Release */ = {
			isa = XCBuildConfiguration;
			buildSettings = {
				ASSETCATALOG_COMPILER_APPICON_NAME = AppIcon;
				CODE_SIGN_STYLE = Automatic;
				INFOPLIST_FILE = final/Info.plist;
				LD_RUNPATH_SEARCH_PATHS = (
					"$(inherited)",
					"@executable_path/Frameworks",
				);
				PRODUCT_BUNDLE_IDENTIFIER = codepath.final;
				PRODUCT_NAME = "$(TARGET_NAME)";
				SWIFT_VERSION = 5.0;
				TARGETED_DEVICE_FAMILY = "1,2";
			};
			name = Release;
		};
		52439F6E25118AAB00A3B32E /* Debug */ = {
			isa = XCBuildConfiguration;
			buildSettings = {
				ALWAYS_EMBED_SWIFT_STANDARD_LIBRARIES = YES;
				BUNDLE_LOADER = "$(TEST_HOST)";
				CODE_SIGN_STYLE = Automatic;
				INFOPLIST_FILE = finalTests/Info.plist;
				IPHONEOS_DEPLOYMENT_TARGET = 13.7;
				LD_RUNPATH_SEARCH_PATHS = (
					"$(inherited)",
					"@executable_path/Frameworks",
					"@loader_path/Frameworks",
				);
				PRODUCT_BUNDLE_IDENTIFIER = codepath.finalTests;
				PRODUCT_NAME = "$(TARGET_NAME)";
				SWIFT_VERSION = 5.0;
				TARGETED_DEVICE_FAMILY = "1,2";
				TEST_HOST = "$(BUILT_PRODUCTS_DIR)/final.app/final";
			};
			name = Debug;
		};
		52439F6F25118AAB00A3B32E /* Release */ = {
			isa = XCBuildConfiguration;
			buildSettings = {
				ALWAYS_EMBED_SWIFT_STANDARD_LIBRARIES = YES;
				BUNDLE_LOADER = "$(TEST_HOST)";
				CODE_SIGN_STYLE = Automatic;
				INFOPLIST_FILE = finalTests/Info.plist;
				IPHONEOS_DEPLOYMENT_TARGET = 13.7;
				LD_RUNPATH_SEARCH_PATHS = (
					"$(inherited)",
					"@executable_path/Frameworks",
					"@loader_path/Frameworks",
				);
				PRODUCT_BUNDLE_IDENTIFIER = codepath.finalTests;
				PRODUCT_NAME = "$(TARGET_NAME)";
				SWIFT_VERSION = 5.0;
				TARGETED_DEVICE_FAMILY = "1,2";
				TEST_HOST = "$(BUILT_PRODUCTS_DIR)/final.app/final";
			};
			name = Release;
		};
		52439F7125118AAB00A3B32E /* Debug */ = {
			isa = XCBuildConfiguration;
			buildSettings = {
				ALWAYS_EMBED_SWIFT_STANDARD_LIBRARIES = YES;
				CODE_SIGN_STYLE = Automatic;
				INFOPLIST_FILE = finalUITests/Info.plist;
				LD_RUNPATH_SEARCH_PATHS = (
					"$(inherited)",
					"@executable_path/Frameworks",
					"@loader_path/Frameworks",
				);
				PRODUCT_BUNDLE_IDENTIFIER = codepath.finalUITests;
				PRODUCT_NAME = "$(TARGET_NAME)";
				SWIFT_VERSION = 5.0;
				TARGETED_DEVICE_FAMILY = "1,2";
				TEST_TARGET_NAME = final;
			};
			name = Debug;
		};
		52439F7225118AAB00A3B32E /* Release */ = {
			isa = XCBuildConfiguration;
			buildSettings = {
				ALWAYS_EMBED_SWIFT_STANDARD_LIBRARIES = YES;
				CODE_SIGN_STYLE = Automatic;
				INFOPLIST_FILE = finalUITests/Info.plist;
				LD_RUNPATH_SEARCH_PATHS = (
					"$(inherited)",
					"@executable_path/Frameworks",
					"@loader_path/Frameworks",
				);
				PRODUCT_BUNDLE_IDENTIFIER = codepath.finalUITests;
				PRODUCT_NAME = "$(TARGET_NAME)";
				SWIFT_VERSION = 5.0;
				TARGETED_DEVICE_FAMILY = "1,2";
				TEST_TARGET_NAME = final;
			};
			name = Release;
		};
/* End XCBuildConfiguration section */

/* Begin XCConfigurationList section */
		52439F3B25118AA800A3B32E /* Build configuration list for PBXProject "final" */ = {
			isa = XCConfigurationList;
			buildConfigurations = (
				52439F6825118AAB00A3B32E /* Debug */,
				52439F6925118AAB00A3B32E /* Release */,
			);
			defaultConfigurationIsVisible = 0;
			defaultConfigurationName = Release;
		};
		52439F6A25118AAB00A3B32E /* Build configuration list for PBXNativeTarget "final" */ = {
			isa = XCConfigurationList;
			buildConfigurations = (
				52439F6B25118AAB00A3B32E /* Debug */,
				52439F6C25118AAB00A3B32E /* Release */,
			);
			defaultConfigurationIsVisible = 0;
			defaultConfigurationName = Release;
		};
		52439F6D25118AAB00A3B32E /* Build configuration list for PBXNativeTarget "finalTests" */ = {
			isa = XCConfigurationList;
			buildConfigurations = (
				52439F6E25118AAB00A3B32E /* Debug */,
				52439F6F25118AAB00A3B32E /* Release */,
			);
			defaultConfigurationIsVisible = 0;
			defaultConfigurationName = Release;
		};
		52439F7025118AAB00A3B32E /* Build configuration list for PBXNativeTarget "finalUITests" */ = {
			isa = XCConfigurationList;
			buildConfigurations = (
				52439F7125118AAB00A3B32E /* Debug */,
				52439F7225118AAB00A3B32E /* Release */,
			);
			defaultConfigurationIsVisible = 0;
			defaultConfigurationName = Release;
		};
/* End XCConfigurationList section */
	};
	rootObject = 52439F3825118AA800A3B32E /* Project object */;
}
